
Microsoft Visual Studio Solution File, Format Version 12.00
# Visual Studio Version 16
VisualStudioVersion = 16.0.30413.136
MinimumVisualStudioVersion = 10.0.40219.1
Project("{FAE04EC0-301F-11D3-BF4B-00C04F79EFBC}") = "HolidayPlanner", "HolidayPlanner\HolidayPlanner.csproj", "{3240D352-2E07-4196-948A-529D79E4BEBC}"
EndProject
Project("{FAE04EC0-301F-11D3-BF4B-00C04F79EFBC}") = "HolidayPlanner.BusinessLogic", "HolidayPlanner.BusinessLogic\HolidayPlanner.BusinessLogic.csproj", "{CDF20516-A18D-41A4-A7C9-A1DDD67D5243}"
EndProject
Project("{FAE04EC0-301F-11D3-BF4B-00C04F79EFBC}") = "HolidayPlanner.DataAccess", "HolidayPlanner.DataAccess\HolidayPlanner.DataAccess.csproj", "{2FB97F2A-1FA3-4769-9966-36AAAD62B889}"
EndProject
Project("{FAE04EC0-301F-11D3-BF4B-00C04F79EFBC}") = "HolidayPlanner.DataModel", "HolidayPlanner.DataModel\HolidayPlanner.DataModel.csproj", "{98AB7C74-D909-4DC8-B593-0CFF66894090}"
EndProject
Global
	GlobalSection(SolutionConfigurationPlatforms) = preSolution
		Debug|Any CPU = Debug|Any CPU
		Release|Any CPU = Release|Any CPU
	EndGlobalSection
	GlobalSection(ProjectConfigurationPlatforms) = postSolution
		{3240D352-2E07-4196-948A-529D79E4BEBC}.Debug|Any CPU.ActiveCfg = Debug|Any CPU
		{3240D352-2E07-4196-948A-529D79E4BEBC}.Debug|Any CPU.Build.0 = Debug|Any CPU
		{3240D352-2E07-4196-948A-529D79E4BEBC}.Release|Any CPU.ActiveCfg = Release|Any CPU
		{3240D352-2E07-4196-948A-529D79E4BEBC}.Release|Any CPU.Build.0 = Release|Any CPU
		{CDF20516-A18D-41A4-A7C9-A1DDD67D5243}.Debug|Any CPU.ActiveCfg = Debug|Any CPU
		{CDF20516-A18D-41A4-A7C9-A1DDD67D5243}.Debug|Any CPU.Build.0 = Debug|Any CPU
		{CDF20516-A18D-41A4-A7C9-A1DDD67D5243}.Release|Any CPU.ActiveCfg = Release|Any CPU
		{CDF20516-A18D-41A4-A7C9-A1DDD67D5243}.Release|Any CPU.Build.0 = Release|Any CPU
		{2FB97F2A-1FA3-4769-9966-36AAAD62B889}.Debug|Any CPU.ActiveCfg = Debug|Any CPU
		{2FB97F2A-1FA3-4769-9966-36AAAD62B889}.Debug|Any CPU.Build.0 = Debug|Any CPU
		{2FB97F2A-1FA3-4769-9966-36AAAD62B889}.Release|Any CPU.ActiveCfg = Release|Any CPU
		{2FB97F2A-1FA3-4769-9966-36AAAD62B889}.Release|Any CPU.Build.0 = Release|Any CPU
		{98AB7C74-D909-4DC8-B593-0CFF66894090}.Debug|Any CPU.ActiveCfg = Debug|Any CPU
		{98AB7C74-D909-4DC8-B593-0CFF66894090}.Debug|Any CPU.Build.0 = Debug|Any CPU
		{98AB7C74-D909-4DC8-B593-0CFF66894090}.Release|Any CPU.ActiveCfg = Release|Any CPU
		{98AB7C74-D909-4DC8-B593-0CFF66894090}.Release|Any CPU.Build.0 = Release|Any CPU
	EndGlobalSection
	GlobalSection(SolutionProperties) = preSolution
		HideSolutionNode = FALSE
	EndGlobalSection
	GlobalSection(ExtensibilityGlobals) = postSolution
		SolutionGuid = {D1E60B4B-41BE-4782-9E33-E1D355094CF6}
	EndGlobalSection
EndGlobal
